
Microsoft Visual Studio Solution File, Format Version 12.00
# Visual Studio Version 17
VisualStudioVersion = 17.8.34322.80
MinimumVisualStudioVersion = 10.0.40219.1
Project("{9A19103F-16F7-4668-BE54-9A1E7A4F7556}") = "BookStore_C", "BookStore_C\BookStore_C.csproj", "{D4653D77-A077-4F72-8698-869F4ADD6192}"
EndProject
Project("{9A19103F-16F7-4668-BE54-9A1E7A4F7556}") = "BookStore_C.DL", "BookStore_C.DL\BookStore_C.DL.csproj", "{2F349BD8-EE39-4645-AA28-B7C0BB7C2CE4}"
EndProject
Project("{9A19103F-16F7-4668-BE54-9A1E7A4F7556}") = "BookStore_C.BL", "BookStore_C.BL\BookStore_C.BL.csproj", "{66CBA0D5-5918-4E59-BFEF-0134B8FD018F}"
EndProject
Project("{9A19103F-16F7-4668-BE54-9A1E7A4F7556}") = "BookStore_C.Models", "BookStore_C.Models\BookStore_C.Models.csproj", "{C22DD1AB-546A-4D69-8ECD-6006B677F2AD}"
EndProject
Project("{FAE04EC0-301F-11D3-BF4B-00C04F79EFBC}") = "BookStore.Tests", "BookStore.Tests\BookStore.Tests.csproj", "{90414F93-2426-40C5-9B31-0CB28B8DED9B}"
EndProject
Global
	GlobalSection(SolutionConfigurationPlatforms) = preSolution
		Debug|Any CPU = Debug|Any CPU
		Release|Any CPU = Release|Any CPU
	EndGlobalSection
	GlobalSection(ProjectConfigurationPlatforms) = postSolution
		{D4653D77-A077-4F72-8698-869F4ADD6192}.Debug|Any CPU.ActiveCfg = Debug|Any CPU
		{D4653D77-A077-4F72-8698-869F4ADD6192}.Debug|Any CPU.Build.0 = Debug|Any CPU
		{D4653D77-A077-4F72-8698-869F4ADD6192}.Release|Any CPU.ActiveCfg = Release|Any CPU
		{D4653D77-A077-4F72-8698-869F4ADD6192}.Release|Any CPU.Build.0 = Release|Any CPU
		{2F349BD8-EE39-4645-AA28-B7C0BB7C2CE4}.Debug|Any CPU.ActiveCfg = Debug|Any CPU
		{2F349BD8-EE39-4645-AA28-B7C0BB7C2CE4}.Debug|Any CPU.Build.0 = Debug|Any CPU
		{2F349BD8-EE39-4645-AA28-B7C0BB7C2CE4}.Release|Any CPU.ActiveCfg = Release|Any CPU
		{2F349BD8-EE39-4645-AA28-B7C0BB7C2CE4}.Release|Any CPU.Build.0 = Release|Any CPU
		{66CBA0D5-5918-4E59-BFEF-0134B8FD018F}.Debug|Any CPU.ActiveCfg = Debug|Any CPU
		{66CBA0D5-5918-4E59-BFEF-0134B8FD018F}.Debug|Any CPU.Build.0 = Debug|Any CPU
		{66CBA0D5-5918-4E59-BFEF-0134B8FD018F}.Release|Any CPU.ActiveCfg = Release|Any CPU
		{66CBA0D5-5918-4E59-BFEF-0134B8FD018F}.Release|Any CPU.Build.0 = Release|Any CPU
		{C22DD1AB-546A-4D69-8ECD-6006B677F2AD}.Debug|Any CPU.ActiveCfg = Debug|Any CPU
		{C22DD1AB-546A-4D69-8ECD-6006B677F2AD}.Debug|Any CPU.Build.0 = Debug|Any CPU
		{C22DD1AB-546A-4D69-8ECD-6006B677F2AD}.Release|Any CPU.ActiveCfg = Release|Any CPU
		{C22DD1AB-546A-4D69-8ECD-6006B677F2AD}.Release|Any CPU.Build.0 = Release|Any CPU
		{90414F93-2426-40C5-9B31-0CB28B8DED9B}.Debug|Any CPU.ActiveCfg = Debug|Any CPU
		{90414F93-2426-40C5-9B31-0CB28B8DED9B}.Debug|Any CPU.Build.0 = Debug|Any CPU
		{90414F93-2426-40C5-9B31-0CB28B8DED9B}.Release|Any CPU.ActiveCfg = Release|Any CPU
		{90414F93-2426-40C5-9B31-0CB28B8DED9B}.Release|Any CPU.Build.0 = Release|Any CPU
	EndGlobalSection
	GlobalSection(SolutionProperties) = preSolution
		HideSolutionNode = FALSE
	EndGlobalSection
	GlobalSection(ExtensibilityGlobals) = postSolution
		SolutionGuid = {BEB8E8F8-619F-4747-909D-6B5B8C355BD6}
	EndGlobalSection
EndGlobal
